# THIS IS AN AUTOGENERATED FILE. DO NOT EDIT THIS FILE DIRECTLY.
# yarn lockfile v1


"@alloc/quick-lru@^5.2.0":
  version "5.2.0"

"@ampproject/remapping@^2.2.0":
  version "2.3.0"
  dependencies:
    "@jridgewell/gen-mapping" "^0.3.5"
    "@jridgewell/trace-mapping" "^0.3.24"

"@babel/code-frame@^7.22.13", "@babel/code-frame@^7.24.7":
  version "7.24.7"
  dependencies:
    "@babel/highlight" "^7.24.7"
    picocolors "^1.0.0"

"@babel/compat-data@^7.25.2":
  version "7.25.4"

"@babel/core@^7.0.0", "@babel/core@^7.0.0-0", "@babel/core@^7.12.10", "@babel/core@^7.22.1", "@babel/core@7.x":
  version "7.25.2"
  dependencies:
    "@ampproject/remapping" "^2.2.0"
    "@babel/code-frame" "^7.24.7"
    "@babel/generator" "^7.25.0"
    "@babel/helper-compilation-targets" "^7.25.2"
    "@babel/helper-module-transforms" "^7.25.2"
    "@babel/helpers" "^7.25.0"
    "@babel/parser" "^7.25.0"
    "@babel/template" "^7.25.0"
    "@babel/traverse" "^7.25.2"
    "@babel/types" "^7.25.2"
    convert-source-map "^2.0.0"
    debug "^4.1.0"
    gensync "^1.0.0-beta.2"
    json5 "^2.2.3"
    semver "^6.3.1"

"@babel/generator@^7.25.0", "@babel/generator@^7.25.6":
  version "7.25.6"
  dependencies:
    "@babel/types" "^7.25.6"
    "@jridgewell/gen-mapping" "^0.3.5"
    "@jridgewell/trace-mapping" "^0.3.25"
    jsesc "^2.5.1"

"@babel/helper-annotate-as-pure@^7.24.7":
  version "7.24.7"
  dependencies:
    "@babel/types" "^7.24.7"

"@babel/helper-compilation-targets@^7.25.2":
  version "7.25.2"
  dependencies:
    "@babel/compat-data" "^7.25.2"
    "@babel/helper-validator-option" "^7.24.8"
    browserslist "^4.23.1"
    lru-cache "^5.1.1"
    semver "^6.3.1"

"@babel/helper-module-imports@^7.24.7":
  version "7.24.7"
  dependencies:
    "@babel/traverse" "^7.24.7"
    "@babel/types" "^7.24.7"

"@babel/helper-module-transforms@^7.25.2":
  version "7.25.2"
  dependencies:
    "@babel/helper-module-imports" "^7.24.7"
    "@babel/helper-simple-access" "^7.24.7"
    "@babel/helper-validator-identifier" "^7.24.7"
    "@babel/traverse" "^7.25.2"

"@babel/helper-plugin-utils@^7.24.7", "@babel/helper-plugin-utils@^7.24.8":
  version "7.24.8"

"@babel/helper-simple-access@^7.24.7":
  version "7.24.7"
  dependencies:
    "@babel/traverse" "^7.24.7"
    "@babel/types" "^7.24.7"

"@babel/helper-string-parser@^7.24.8":
  version "7.24.8"

"@babel/helper-validator-identifier@^7.24.7":
  version "7.24.7"

"@babel/helper-validator-option@^7.24.8":
  version "7.24.8"

"@babel/helpers@^7.25.0":
  version "7.25.6"
  dependencies:
    "@babel/template" "^7.25.0"
    "@babel/types" "^7.25.6"

"@babel/highlight@^7.24.7":
  version "7.24.7"
  dependencies:
    "@babel/helper-validator-identifier" "^7.24.7"
    chalk "^2.4.2"
    js-tokens "^4.0.0"
    picocolors "^1.0.0"

"@babel/parser@^7.25.0", "@babel/parser@^7.25.6":
  version "7.25.6"
  dependencies:
    "@babel/types" "^7.25.6"

"@babel/plugin-syntax-jsx@^7.24.7":
  version "7.24.7"
  dependencies:
    "@babel/helper-plugin-utils" "^7.24.7"

"@babel/plugin-transform-react-jsx-development@^7.22.5":
  version "7.24.7"
  dependencies:
    "@babel/plugin-transform-react-jsx" "^7.24.7"

"@babel/plugin-transform-react-jsx@^7.22.15", "@babel/plugin-transform-react-jsx@^7.24.7":
  version "7.25.2"
  dependencies:
    "@babel/helper-annotate-as-pure" "^7.24.7"
    "@babel/helper-module-imports" "^7.24.7"
    "@babel/helper-plugin-utils" "^7.24.8"
    "@babel/plugin-syntax-jsx" "^7.24.7"
    "@babel/types" "^7.25.2"

"@babel/template@^7.25.0":
  version "7.25.0"
  dependencies:
    "@babel/code-frame" "^7.24.7"
    "@babel/parser" "^7.25.0"
    "@babel/types" "^7.25.0"

"@babel/traverse@^7.24.7", "@babel/traverse@^7.25.2":
  version "7.25.6"
  dependencies:
    "@babel/code-frame" "^7.24.7"
    "@babel/generator" "^7.25.6"
    "@babel/parser" "^7.25.6"
    "@babel/template" "^7.25.0"
    "@babel/types" "^7.25.6"
    debug "^4.3.1"
    globals "^11.1.0"

"@babel/types@^7.24.7", "@babel/types@^7.25.0", "@babel/types@^7.25.2", "@babel/types@^7.25.6":
  version "7.25.6"
  dependencies:
    "@babel/helper-string-parser" "^7.24.8"
    "@babel/helper-validator-identifier" "^7.24.7"
    to-fast-properties "^2.0.0"

"@emotion/is-prop-valid@^0.8.2":
  version "0.8.8"
  dependencies:
    "@emotion/memoize" "0.7.4"

"@emotion/memoize@0.7.4":
  version "0.7.4"

"@esbuild/win32-x64@0.21.5":
  version "0.21.5"

"@floating-ui/core@^1.6.0":
  version "1.6.8"
  dependencies:
    "@floating-ui/utils" "^0.2.8"

"@floating-ui/dom@^1.2.1":
  version "1.6.11"
  dependencies:
    "@floating-ui/core" "^1.6.0"
    "@floating-ui/utils" "^0.2.8"

"@floating-ui/react-dom@^1.2.2":
  version "1.3.0"
  dependencies:
    "@floating-ui/dom" "^1.2.1"

"@floating-ui/react@0.19.0":
  version "0.19.0"
  dependencies:
    "@floating-ui/react-dom" "^1.2.2"
    aria-hidden "^1.1.3"
    tabbable "^6.0.1"

"@floating-ui/utils@^0.2.8":
  version "0.2.8"

"@isaacs/cliui@^8.0.2":
  version "8.0.2"
  dependencies:
    string-width "^5.1.2"
    string-width-cjs "npm:string-width@^4.2.0"
    strip-ansi "^7.0.1"
    strip-ansi-cjs "npm:strip-ansi@^6.0.1"
    wrap-ansi "^8.1.0"
    wrap-ansi-cjs "npm:wrap-ansi@^7.0.0"

"@jridgewell/gen-mapping@^0.3.2", "@jridgewell/gen-mapping@^0.3.5":
  version "0.3.5"
  dependencies:
    "@jridgewell/set-array" "^1.2.1"
    "@jridgewell/sourcemap-codec" "^1.4.10"
    "@jridgewell/trace-mapping" "^0.3.24"

"@jridgewell/resolve-uri@^3.1.0":
  version "3.1.2"

"@jridgewell/set-array@^1.2.1":
  version "1.2.1"

"@jridgewell/sourcemap-codec@^1.4.10", "@jridgewell/sourcemap-codec@^1.4.14", "@jridgewell/sourcemap-codec@^1.4.15":
  version "1.5.0"

"@jridgewell/trace-mapping@^0.3.24", "@jridgewell/trace-mapping@^0.3.25":
  version "0.3.25"
  dependencies:
    "@jridgewell/resolve-uri" "^3.1.0"
    "@jridgewell/sourcemap-codec" "^1.4.14"

"@material-tailwind/react@^2.1.9":
  version "2.1.10"
  dependencies:
    "@floating-ui/react" "0.19.0"
    classnames "2.3.2"
    deepmerge "4.2.2"
    framer-motion "6.5.1"
    material-ripple-effects "2.0.1"
    prop-types "15.8.1"
    react "18.2.0"
    react-dom "18.2.0"
    tailwind-merge "1.8.1"

"@motionone/animation@^10.12.0":
  version "10.18.0"
  dependencies:
    "@motionone/easing" "^10.18.0"
    "@motionone/types" "^10.17.1"
    "@motionone/utils" "^10.18.0"
    tslib "^2.3.1"

"@motionone/dom@10.12.0":
  version "10.12.0"
  dependencies:
    "@motionone/animation" "^10.12.0"
    "@motionone/generators" "^10.12.0"
    "@motionone/types" "^10.12.0"
    "@motionone/utils" "^10.12.0"
    hey-listen "^1.0.8"
    tslib "^2.3.1"

"@motionone/easing@^10.18.0":
  version "10.18.0"
  dependencies:
    "@motionone/utils" "^10.18.0"
    tslib "^2.3.1"

"@motionone/generators@^10.12.0":
  version "10.18.0"
  dependencies:
    "@motionone/types" "^10.17.1"
    "@motionone/utils" "^10.18.0"
    tslib "^2.3.1"

"@motionone/types@^10.12.0", "@motionone/types@^10.17.1":
  version "10.17.1"

"@motionone/utils@^10.12.0", "@motionone/utils@^10.18.0":
  version "10.18.0"
  dependencies:
    "@motionone/types" "^10.17.1"
    hey-listen "^1.0.8"
    tslib "^2.3.1"

"@nodelib/fs.scandir@2.1.5":
  version "2.1.5"
  dependencies:
    "@nodelib/fs.stat" "2.0.5"
    run-parallel "^1.1.9"

"@nodelib/fs.stat@^2.0.2", "@nodelib/fs.stat@2.0.5":
  version "2.0.5"

"@nodelib/fs.walk@^1.2.3":
  version "1.2.8"
  dependencies:
    "@nodelib/fs.scandir" "2.1.5"
    fastq "^1.6.0"

"@pkgjs/parseargs@^0.11.0":
  version "0.11.0"

"@preact/preset-vite@^2.8.2":
  version "2.9.1"
  dependencies:
    "@babel/code-frame" "^7.22.13"
    "@babel/plugin-transform-react-jsx" "^7.22.15"
    "@babel/plugin-transform-react-jsx-development" "^7.22.5"
    "@prefresh/vite" "^2.4.1"
    "@rollup/pluginutils" "^4.1.1"
    babel-plugin-transform-hook-names "^1.0.2"
    debug "^4.3.4"
    kolorist "^1.8.0"
    magic-string "0.30.5"
    node-html-parser "^6.1.10"
    source-map "^0.7.4"
    stack-trace "^1.0.0-pre2"

"@prefresh/babel-plugin@0.5.1":
  version "0.5.1"

"@prefresh/core@^1.5.1":
  version "1.5.2"

"@prefresh/utils@^1.2.0":
  version "1.2.0"

"@prefresh/vite@^2.4.1":
  version "2.4.6"
  dependencies:
    "@babel/core" "^7.22.1"
    "@prefresh/babel-plugin" "0.5.1"
    "@prefresh/core" "^1.5.1"
    "@prefresh/utils" "^1.2.0"
    "@rollup/pluginutils" "^4.2.1"

"@remix-run/router@1.19.2":
  version "1.19.2"

"@rollup/pluginutils@^4.1.1", "@rollup/pluginutils@^4.2.1":
  version "4.2.1"
  dependencies:
    estree-walker "^2.0.1"
    picomatch "^2.2.2"

"@rollup/rollup-win32-x64-msvc@4.21.3":
  version "4.21.3"

"@types/estree@1.0.5":
  version "1.0.5"

ansi-regex@^5.0.1:
  version "5.0.1"

ansi-regex@^6.0.1:
  version "6.1.0"

ansi-styles@^3.2.1:
  version "3.2.1"
  dependencies:
    color-convert "^1.9.0"

ansi-styles@^4.0.0:
  version "4.3.0"
  dependencies:
    color-convert "^2.0.1"

ansi-styles@^6.1.0:
  version "6.2.1"

any-promise@^1.0.0:
  version "1.3.0"

anymatch@~3.1.2:
  version "3.1.3"
  dependencies:
    normalize-path "^3.0.0"
    picomatch "^2.0.4"

arg@^5.0.2:
  version "5.0.2"

aria-hidden@^1.1.3:
  version "1.2.4"
  dependencies:
    tslib "^2.0.0"

autoprefixer@^10.4.19:
  version "10.4.20"
  dependencies:
    browserslist "^4.23.3"
    caniuse-lite "^1.0.30001646"
    fraction.js "^4.3.7"
    normalize-range "^0.1.2"
    picocolors "^1.0.1"
    postcss-value-parser "^4.2.0"

babel-plugin-transform-hook-names@^1.0.2:
  version "1.0.2"

balanced-match@^1.0.0:
  version "1.0.2"

binary-extensions@^2.0.0:
  version "2.3.0"

boolbase@^1.0.0:
  version "1.0.0"

brace-expansion@^2.0.1:
  version "2.0.1"
  dependencies:
    balanced-match "^1.0.0"

braces@^3.0.3, braces@~3.0.2:
  version "3.0.3"
  dependencies:
    fill-range "^7.1.1"

browserslist@^4.23.1, browserslist@^4.23.3, "browserslist@>= 4.21.0":
  version "4.23.3"
  dependencies:
    caniuse-lite "^1.0.30001646"
    electron-to-chromium "^1.5.4"
    node-releases "^2.0.18"
    update-browserslist-db "^1.1.0"

camelcase-css@^2.0.1:
  version "2.0.1"

caniuse-lite@^1.0.30001646:
  version "1.0.30001660"

chalk@^2.4.2:
  version "2.4.2"
  dependencies:
    ansi-styles "^3.2.1"
    escape-string-regexp "^1.0.5"
    supports-color "^5.3.0"

chokidar@^3.5.3:
  version "3.6.0"
  dependencies:
    anymatch "~3.1.2"
    braces "~3.0.2"
    glob-parent "~5.1.2"
    is-binary-path "~2.1.0"
    is-glob "~4.0.1"
    normalize-path "~3.0.0"
    readdirp "~3.6.0"
  optionalDependencies:
    fsevents "~2.3.2"

classnames@2.3.2:
  version "2.3.2"

color-convert@^1.9.0:
  version "1.9.3"
  dependencies:
    color-name "1.1.3"

color-convert@^2.0.1:
  version "2.0.1"
  dependencies:
    color-name "~1.1.4"

color-name@~1.1.4:
  version "1.1.4"

color-name@1.1.3:
  version "1.1.3"

commander@^4.0.0:
  version "4.1.1"

convert-source-map@^2.0.0:
  version "2.0.0"

cross-spawn@^7.0.0:
  version "7.0.3"
  dependencies:
    path-key "^3.1.0"
    shebang-command "^2.0.0"
    which "^2.0.1"

css-select@^5.1.0:
  version "5.1.0"
  dependencies:
    boolbase "^1.0.0"
    css-what "^6.1.0"
    domhandler "^5.0.2"
    domutils "^3.0.1"
    nth-check "^2.0.1"

css-what@^6.1.0:
  version "6.1.0"

cssesc@^3.0.0:
  version "3.0.0"

debug@^4.1.0, debug@^4.3.1, debug@^4.3.4:
  version "4.3.7"
  dependencies:
    ms "^2.1.3"

deepmerge@4.2.2:
  version "4.2.2"

didyoumean@^1.2.2:
  version "1.2.2"

dlv@^1.1.3:
  version "1.1.3"

dom-serializer@^2.0.0:
  version "2.0.0"
  dependencies:
    domelementtype "^2.3.0"
    domhandler "^5.0.2"
    entities "^4.2.0"

domelementtype@^2.3.0:
  version "2.3.0"

domhandler@^5.0.2, domhandler@^5.0.3:
  version "5.0.3"
  dependencies:
    domelementtype "^2.3.0"

domutils@^3.0.1:
  version "3.1.0"
  dependencies:
    dom-serializer "^2.0.0"
    domelementtype "^2.3.0"
    domhandler "^5.0.3"

eastasianwidth@^0.2.0:
  version "0.2.0"

electron-to-chromium@^1.5.4:
  version "1.5.23"

emoji-regex@^8.0.0:
  version "8.0.0"

emoji-regex@^9.2.2:
  version "9.2.2"

entities@^4.2.0:
  version "4.5.0"

esbuild@^0.21.3:
  version "0.21.5"
  optionalDependencies:
    "@esbuild/aix-ppc64" "0.21.5"
    "@esbuild/android-arm" "0.21.5"
    "@esbuild/android-arm64" "0.21.5"
    "@esbuild/android-x64" "0.21.5"
    "@esbuild/darwin-arm64" "0.21.5"
    "@esbuild/darwin-x64" "0.21.5"
    "@esbuild/freebsd-arm64" "0.21.5"
    "@esbuild/freebsd-x64" "0.21.5"
    "@esbuild/linux-arm" "0.21.5"
    "@esbuild/linux-arm64" "0.21.5"
    "@esbuild/linux-ia32" "0.21.5"
    "@esbuild/linux-loong64" "0.21.5"
    "@esbuild/linux-mips64el" "0.21.5"
    "@esbuild/linux-ppc64" "0.21.5"
    "@esbuild/linux-riscv64" "0.21.5"
    "@esbuild/linux-s390x" "0.21.5"
    "@esbuild/linux-x64" "0.21.5"
    "@esbuild/netbsd-x64" "0.21.5"
    "@esbuild/openbsd-x64" "0.21.5"
    "@esbuild/sunos-x64" "0.21.5"
    "@esbuild/win32-arm64" "0.21.5"
    "@esbuild/win32-ia32" "0.21.5"
    "@esbuild/win32-x64" "0.21.5"

escalade@^3.1.2:
  version "3.2.0"

escape-string-regexp@^1.0.5:
  version "1.0.5"

estree-walker@^2.0.1:
  version "2.0.2"

fast-glob@^3.3.0:
  version "3.3.2"
  dependencies:
    "@nodelib/fs.stat" "^2.0.2"
    "@nodelib/fs.walk" "^1.2.3"
    glob-parent "^5.1.2"
    merge2 "^1.3.0"
    micromatch "^4.0.4"

fastq@^1.6.0:
  version "1.17.1"
  dependencies:
    reusify "^1.0.4"

fill-range@^7.1.1:
  version "7.1.1"
  dependencies:
    to-regex-range "^5.0.1"

foreground-child@^3.1.0:
  version "3.3.0"
  dependencies:
    cross-spawn "^7.0.0"
    signal-exit "^4.0.1"

fraction.js@^4.3.7:
  version "4.3.7"

framer-motion@6.5.1:
  version "6.5.1"
  dependencies:
    "@motionone/dom" "10.12.0"
    framesync "6.0.1"
    hey-listen "^1.0.8"
    popmotion "11.0.3"
    style-value-types "5.0.0"
    tslib "^2.1.0"
  optionalDependencies:
    "@emotion/is-prop-valid" "^0.8.2"

framesync@6.0.1:
  version "6.0.1"
  dependencies:
    tslib "^2.1.0"

function-bind@^1.1.2:
  version "1.1.2"

gensync@^1.0.0-beta.2:
  version "1.0.0-beta.2"

glob-parent@^5.1.2, glob-parent@~5.1.2:
  version "5.1.2"
  dependencies:
    is-glob "^4.0.1"

glob-parent@^6.0.2:
  version "6.0.2"
  dependencies:
    is-glob "^4.0.3"

glob@^10.3.10:
  version "10.4.5"
  dependencies:
    foreground-child "^3.1.0"
    jackspeak "^3.1.2"
    minimatch "^9.0.4"
    minipass "^7.1.2"
    package-json-from-dist "^1.0.0"
    path-scurry "^1.11.1"

globals@^11.1.0:
  version "11.12.0"

has-flag@^3.0.0:
  version "3.0.0"

hasown@^2.0.2:
  version "2.0.2"
  dependencies:
    function-bind "^1.1.2"

he@1.2.0:
  version "1.2.0"

hey-listen@^1.0.8:
  version "1.0.8"

is-binary-path@~2.1.0:
  version "2.1.0"
  dependencies:
    binary-extensions "^2.0.0"

is-core-module@^2.13.0:
  version "2.15.1"
  dependencies:
    hasown "^2.0.2"

is-extglob@^2.1.1:
  version "2.1.1"

is-fullwidth-code-point@^3.0.0:
  version "3.0.0"

is-glob@^4.0.1, is-glob@^4.0.3, is-glob@~4.0.1:
  version "4.0.3"
  dependencies:
    is-extglob "^2.1.1"

is-number@^7.0.0:
  version "7.0.0"

isexe@^2.0.0:
  version "2.0.0"

jackspeak@^3.1.2:
  version "3.4.3"
  dependencies:
    "@isaacs/cliui" "^8.0.2"
  optionalDependencies:
    "@pkgjs/parseargs" "^0.11.0"

jiti@^1.21.0:
  version "1.21.6"

"js-tokens@^3.0.0 || ^4.0.0", js-tokens@^4.0.0:
  version "4.0.0"

jsesc@^2.5.1:
  version "2.5.2"

json5@^2.2.3:
  version "2.2.3"

kolorist@^1.8.0:
  version "1.8.0"

lilconfig@^2.1.0:
  version "2.1.0"

lilconfig@^3.0.0:
  version "3.1.2"

lines-and-columns@^1.1.6:
  version "1.2.4"

loose-envify@^1.1.0, loose-envify@^1.4.0:
  version "1.4.0"
  dependencies:
    js-tokens "^3.0.0 || ^4.0.0"

lru-cache@^10.2.0:
  version "10.4.3"

lru-cache@^5.1.1:
  version "5.1.1"
  dependencies:
    yallist "^3.0.2"

lucide-react@^0.445.0:
  version "0.445.0"
  resolved "https://registry.npmjs.org/lucide-react/-/lucide-react-0.445.0.tgz"
  integrity sha512-YrLf3aAHvmd4dZ8ot+mMdNFrFpJD7YRwQ2pUcBhgqbmxtrMP4xDzIorcj+8y+6kpuXBF4JB0NOCTUWIYetJjgA==

magic-string@0.30.5:
  version "0.30.5"
  dependencies:
    "@jridgewell/sourcemap-codec" "^1.4.15"

material-ripple-effects@2.0.1:
  version "2.0.1"

merge2@^1.3.0:
  version "1.4.1"

micromatch@^4.0.4, micromatch@^4.0.5:
  version "4.0.8"
  dependencies:
    braces "^3.0.3"
    picomatch "^2.3.1"

minimatch@^9.0.4:
  version "9.0.5"
  dependencies:
    brace-expansion "^2.0.1"

"minipass@^5.0.0 || ^6.0.2 || ^7.0.0", minipass@^7.1.2:
  version "7.1.2"

ms@^2.1.3:
  version "2.1.3"

mz@^2.7.0:
  version "2.7.0"
  dependencies:
    any-promise "^1.0.0"
    object-assign "^4.0.1"
    thenify-all "^1.0.0"

nanoid@^3.3.7:
  version "3.3.7"

node-html-parser@^6.1.10:
  version "6.1.13"
  dependencies:
    css-select "^5.1.0"
    he "1.2.0"

node-releases@^2.0.18:
  version "2.0.18"

normalize-path@^3.0.0, normalize-path@~3.0.0:
  version "3.0.0"

normalize-range@^0.1.2:
  version "0.1.2"

nth-check@^2.0.1:
  version "2.1.1"
  dependencies:
    boolbase "^1.0.0"

object-assign@^4.0.1, object-assign@^4.1.1:
  version "4.1.1"

object-hash@^3.0.0:
  version "3.0.0"

package-json-from-dist@^1.0.0:
  version "1.0.0"

path-key@^3.1.0:
  version "3.1.1"

path-parse@^1.0.7:
  version "1.0.7"

path-scurry@^1.11.1:
  version "1.11.1"
  dependencies:
    lru-cache "^10.2.0"
    minipass "^5.0.0 || ^6.0.2 || ^7.0.0"

picocolors@^1.0.0, picocolors@^1.0.1, picocolors@^1.1.0:
  version "1.1.0"

picomatch@^2.0.4, picomatch@^2.2.1, picomatch@^2.2.2, picomatch@^2.3.1:
  version "2.3.1"

pify@^2.3.0:
  version "2.3.0"

pirates@^4.0.1:
  version "4.0.6"

popmotion@11.0.3:
  version "11.0.3"
  dependencies:
    framesync "6.0.1"
    hey-listen "^1.0.8"
    style-value-types "5.0.0"
    tslib "^2.1.0"

postcss-import@^15.1.0:
  version "15.1.0"
  dependencies:
    postcss-value-parser "^4.0.0"
    read-cache "^1.0.0"
    resolve "^1.1.7"

postcss-js@^4.0.1:
  version "4.0.1"
  dependencies:
    camelcase-css "^2.0.1"

postcss-load-config@^4.0.1:
  version "4.0.2"
  dependencies:
    lilconfig "^3.0.0"
    yaml "^2.3.4"

postcss-nested@^6.0.1:
  version "6.2.0"
  dependencies:
    postcss-selector-parser "^6.1.1"

postcss-selector-parser@^6.0.11, postcss-selector-parser@^6.1.1:
  version "6.1.2"
  dependencies:
    cssesc "^3.0.0"
    util-deprecate "^1.0.2"

postcss-value-parser@^4.0.0, postcss-value-parser@^4.2.0:
  version "4.2.0"

postcss@^8.0.0, postcss@^8.1.0, postcss@^8.2.14, postcss@^8.4.21, postcss@^8.4.23, postcss@^8.4.38, postcss@^8.4.43, postcss@>=8.0.9:
  version "8.4.47"
  dependencies:
    nanoid "^3.3.7"
    picocolors "^1.1.0"
    source-map-js "^1.2.1"

preact@^10.0.0, preact@^10.19.6, preact@^10.4.0:
  version "10.24.0"

prop-types@15.8.1:
  version "15.8.1"
  dependencies:
    loose-envify "^1.4.0"
    object-assign "^4.1.1"
    react-is "^16.13.1"

queue-microtask@^1.2.2:
  version "1.2.3"

react-dom@>=16.8, "react-dom@>=16.8 || ^17.0.0 || ^18.0.0", react-dom@>=16.8.0, react-dom@18.2.0:
  version "18.2.0"
  dependencies:
    loose-envify "^1.1.0"
    scheduler "^0.23.0"

react-is@^16.13.1:
  version "16.13.1"

react-router-dom@^6.26.2:
  version "6.26.2"
  dependencies:
    "@remix-run/router" "1.19.2"
    react-router "6.26.2"

react-router@6.26.2:
  version "6.26.2"
  dependencies:
    "@remix-run/router" "1.19.2"

"react@^16.5.1 || ^17.0.0 || ^18.0.0 || ^19.0.0-rc", react@^18.2.0, react@>=16.8, "react@>=16.8 || ^17.0.0 || ^18.0.0", react@>=16.8.0, react@18.2.0:
  version "18.2.0"
  dependencies:
    loose-envify "^1.1.0"

read-cache@^1.0.0:
  version "1.0.0"
  dependencies:
    pify "^2.3.0"

readdirp@~3.6.0:
  version "3.6.0"
  dependencies:
    picomatch "^2.2.1"

resolve@^1.1.7, resolve@^1.22.2:
  version "1.22.8"
  dependencies:
    is-core-module "^2.13.0"
    path-parse "^1.0.7"
    supports-preserve-symlinks-flag "^1.0.0"

reusify@^1.0.4:
  version "1.0.4"

rollup@^4.20.0:
  version "4.21.3"
  dependencies:
    "@types/estree" "1.0.5"
  optionalDependencies:
    "@rollup/rollup-android-arm-eabi" "4.21.3"
    "@rollup/rollup-android-arm64" "4.21.3"
    "@rollup/rollup-darwin-arm64" "4.21.3"
    "@rollup/rollup-darwin-x64" "4.21.3"
    "@rollup/rollup-linux-arm-gnueabihf" "4.21.3"
    "@rollup/rollup-linux-arm-musleabihf" "4.21.3"
    "@rollup/rollup-linux-arm64-gnu" "4.21.3"
    "@rollup/rollup-linux-arm64-musl" "4.21.3"
    "@rollup/rollup-linux-powerpc64le-gnu" "4.21.3"
    "@rollup/rollup-linux-riscv64-gnu" "4.21.3"
    "@rollup/rollup-linux-s390x-gnu" "4.21.3"
    "@rollup/rollup-linux-x64-gnu" "4.21.3"
    "@rollup/rollup-linux-x64-musl" "4.21.3"
    "@rollup/rollup-win32-arm64-msvc" "4.21.3"
    "@rollup/rollup-win32-ia32-msvc" "4.21.3"
    "@rollup/rollup-win32-x64-msvc" "4.21.3"
    fsevents "~2.3.2"

run-parallel@^1.1.9:
  version "1.2.0"
  dependencies:
    queue-microtask "^1.2.2"

scheduler@^0.23.0:
  version "0.23.2"
  dependencies:
    loose-envify "^1.1.0"

semver@^6.3.1:
  version "6.3.1"

shebang-command@^2.0.0:
  version "2.0.0"
  dependencies:
    shebang-regex "^3.0.0"

shebang-regex@^3.0.0:
  version "3.0.0"

signal-exit@^4.0.1:
  version "4.1.0"

source-map-js@^1.2.1:
  version "1.2.1"

source-map@^0.7.4:
  version "0.7.4"

stack-trace@^1.0.0-pre2:
  version "1.0.0-pre2"

"string-width-cjs@npm:string-width@^4.2.0":
  version "4.2.3"
  dependencies:
    emoji-regex "^8.0.0"
    is-fullwidth-code-point "^3.0.0"
    strip-ansi "^6.0.1"

string-width@^4.1.0:
  version "4.2.3"
  dependencies:
    emoji-regex "^8.0.0"
    is-fullwidth-code-point "^3.0.0"
    strip-ansi "^6.0.1"

string-width@^5.0.1, string-width@^5.1.2:
  version "5.1.2"
  dependencies:
    eastasianwidth "^0.2.0"
    emoji-regex "^9.2.2"
    strip-ansi "^7.0.1"

"strip-ansi-cjs@npm:strip-ansi@^6.0.1":
  version "6.0.1"
  dependencies:
    ansi-regex "^5.0.1"

strip-ansi@^6.0.0, strip-ansi@^6.0.1:
  version "6.0.1"
  dependencies:
    ansi-regex "^5.0.1"

strip-ansi@^7.0.1:
  version "7.1.0"
  dependencies:
    ansi-regex "^6.0.1"

style-value-types@5.0.0:
  version "5.0.0"
  dependencies:
    hey-listen "^1.0.8"
    tslib "^2.1.0"

sucrase@^3.32.0:
  version "3.35.0"
  dependencies:
    "@jridgewell/gen-mapping" "^0.3.2"
    commander "^4.0.0"
    glob "^10.3.10"
    lines-and-columns "^1.1.6"
    mz "^2.7.0"
    pirates "^4.0.1"
    ts-interface-checker "^0.1.9"

supports-color@^5.3.0:
  version "5.5.0"
  dependencies:
    has-flag "^3.0.0"

supports-preserve-symlinks-flag@^1.0.0:
  version "1.0.0"

tabbable@^6.0.1:
  version "6.2.0"

tailwind-merge@1.8.1:
  version "1.8.1"

tailwindcss@^3.4.4:
  version "3.4.11"
  dependencies:
    "@alloc/quick-lru" "^5.2.0"
    arg "^5.0.2"
    chokidar "^3.5.3"
    didyoumean "^1.2.2"
    dlv "^1.1.3"
    fast-glob "^3.3.0"
    glob-parent "^6.0.2"
    is-glob "^4.0.3"
    jiti "^1.21.0"
    lilconfig "^2.1.0"
    micromatch "^4.0.5"
    normalize-path "^3.0.0"
    object-hash "^3.0.0"
    picocolors "^1.0.0"
    postcss "^8.4.23"
    postcss-import "^15.1.0"
    postcss-js "^4.0.1"
    postcss-load-config "^4.0.1"
    postcss-nested "^6.0.1"
    postcss-selector-parser "^6.0.11"
    resolve "^1.22.2"
    sucrase "^3.32.0"

thenify-all@^1.0.0:
  version "1.6.0"
  dependencies:
    thenify ">= 3.1.0 < 4"

"thenify@>= 3.1.0 < 4":
  version "3.3.1"
  dependencies:
    any-promise "^1.0.0"

to-fast-properties@^2.0.0:
  version "2.0.0"

to-regex-range@^5.0.1:
  version "5.0.1"
  dependencies:
    is-number "^7.0.0"

ts-interface-checker@^0.1.9:
  version "0.1.13"

tslib@^2.0.0, tslib@^2.1.0, tslib@^2.3.1:
  version "2.7.0"

update-browserslist-db@^1.1.0:
  version "1.1.0"
  dependencies:
    escalade "^3.1.2"
    picocolors "^1.0.1"

util-deprecate@^1.0.2:
  version "1.0.2"

vite@^5.2.0, vite@>=2.0.0, "vite@2.x || 3.x || 4.x || 5.x":
  version "5.4.5"
  dependencies:
    esbuild "^0.21.3"
    postcss "^8.4.43"
    rollup "^4.20.0"
  optionalDependencies:
    fsevents "~2.3.3"

which@^2.0.1:
  version "2.0.2"
  dependencies:
    isexe "^2.0.0"

"wrap-ansi-cjs@npm:wrap-ansi@^7.0.0":
  version "7.0.0"
  dependencies:
    ansi-styles "^4.0.0"
    string-width "^4.1.0"
    strip-ansi "^6.0.0"

wrap-ansi@^8.1.0:
  version "8.1.0"
  dependencies:
    ansi-styles "^6.1.0"
    string-width "^5.0.1"
    strip-ansi "^7.0.1"

yallist@^3.0.2:
  version "3.1.1"

yaml@^2.3.4:
  version "2.5.1"
